
Microsoft Visual Studio Solution File, Format Version 12.00
# Visual Studio 14
VisualStudioVersion = 14.0.22823.1
MinimumVisualStudioVersion = 10.0.40219.1
Project("{2150E333-8FDC-42A3-9474-1A3956D46DE8}") = "src", "src", "{3A9A210E-2B9F-415D-B9E3-367F71761227}"
EndProject
Project("{2150E333-8FDC-42A3-9474-1A3956D46DE8}") = "Solution Items", "Solution Items", "{1E7F65BD-9B3D-4EC5-AA3E-ABAED230F897}"
	ProjectSection(SolutionItems) = preProject
		global.json = global.json
	EndProjectSection
EndProject
Project("{8BB2217D-0F2D-49D1-97BC-3654ED321F3B}") = "wqa", "src\wqa\wqa.xproj", "{288FCA8B-81A9-4AA2-A24B-6502DDB2E5F2}"
EndProject
Global
	GlobalSection(SolutionConfigurationPlatforms) = preSolution
		Debug|Any CPU = Debug|Any CPU
		Release|Any CPU = Release|Any CPU
	EndGlobalSection
	GlobalSection(ProjectConfigurationPlatforms) = postSolution
		{288FCA8B-81A9-4AA2-A24B-6502DDB2E5F2}.Debug|Any CPU.ActiveCfg = Debug|Any CPU
		{288FCA8B-81A9-4AA2-A24B-6502DDB2E5F2}.Debug|Any CPU.Build.0 = Debug|Any CPU
		{288FCA8B-81A9-4AA2-A24B-6502DDB2E5F2}.Release|Any CPU.ActiveCfg = Release|Any CPU
		{288FCA8B-81A9-4AA2-A24B-6502DDB2E5F2}.Release|Any CPU.Build.0 = Release|Any CPU
	EndGlobalSection
	GlobalSection(SolutionProperties) = preSolution
		HideSolutionNode = FALSE
	EndGlobalSection
	GlobalSection(NestedProjects) = preSolution
		{288FCA8B-81A9-4AA2-A24B-6502DDB2E5F2} = {3A9A210E-2B9F-415D-B9E3-367F71761227}
	EndGlobalSection
EndGlobal
